
Microsoft Visual Studio Solution File, Format Version 12.00
# Visual Studio Version 17
VisualStudioVersion = 17.4.33110.190
MinimumVisualStudioVersion = 10.0.40219.1
Project("{FAE04EC0-301F-11D3-BF4B-00C04F79EFBC}") = "classes", "classes\classes.csproj", "{F687B783-4016-4704-9C98-4FDC4B62A122}"
EndProject
Global
	GlobalSection(SolutionConfigurationPlatforms) = preSolution
		Debug|Any CPU = Debug|Any CPU
		Release|Any CPU = Release|Any CPU
	EndGlobalSection
	GlobalSection(ProjectConfigurationPlatforms) = postSolution
		{F687B783-4016-4704-9C98-4FDC4B62A122}.Debug|Any CPU.ActiveCfg = Debug|Any CPU
		{F687B783-4016-4704-9C98-4FDC4B62A122}.Debug|Any CPU.Build.0 = Debug|Any CPU
		{F687B783-4016-4704-9C98-4FDC4B62A122}.Release|Any CPU.ActiveCfg = Release|Any CPU
		{F687B783-4016-4704-9C98-4FDC4B62A122}.Release|Any CPU.Build.0 = Release|Any CPU
	EndGlobalSection
	GlobalSection(SolutionProperties) = preSolution
		HideSolutionNode = FALSE
	EndGlobalSection
	GlobalSection(ExtensibilityGlobals) = postSolution
		SolutionGuid = {89F25B51-98F2-4A42-928E-47D22D54497C}
	EndGlobalSection
EndGlobal
